
Microsoft Visual Studio Solution File, Format Version 12.00
# Visual Studio 15
VisualStudioVersion = 15.0.28307.329
MinimumVisualStudioVersion = 10.0.40219.1
Project("{FAE04EC0-301F-11D3-BF4B-00C04F79EFBC}") = "Doc2OpenXml", "Doc2OpenXml\Doc2OpenXml.csproj", "{F9646596-14A1-4075-9289-AA2022A96054}"
EndProject
Global
	GlobalSection(SolutionConfigurationPlatforms) = preSolution
		Debug|Any CPU = Debug|Any CPU
		Release|Any CPU = Release|Any CPU
	EndGlobalSection
	GlobalSection(ProjectConfigurationPlatforms) = postSolution
		{F9646596-14A1-4075-9289-AA2022A96054}.Debug|Any CPU.ActiveCfg = Debug|Any CPU
		{F9646596-14A1-4075-9289-AA2022A96054}.Debug|Any CPU.Build.0 = Debug|Any CPU
		{F9646596-14A1-4075-9289-AA2022A96054}.Release|Any CPU.ActiveCfg = Release|Any CPU
		{F9646596-14A1-4075-9289-AA2022A96054}.Release|Any CPU.Build.0 = Release|Any CPU
	EndGlobalSection
	GlobalSection(SolutionProperties) = preSolution
		HideSolutionNode = FALSE
	EndGlobalSection
	GlobalSection(ExtensibilityGlobals) = postSolution
		SolutionGuid = {9D56ECE5-3F6D-4AE9-A3DA-CB7AEDD7F2EB}
	EndGlobalSection
EndGlobal
