
Microsoft Visual Studio Solution File, Format Version 12.00
# Visual Studio 2012
Project("{FAE04EC0-301F-11D3-BF4B-00C04F79EFBC}") = "FMSIntegrateUsingEOOLink", "FMSIntegrateUsingEOOLink\FMSIntegrateUsingEOOLink.csproj", "{A3C35B7D-41B8-4828-AF64-B82E3A6842F0}"
EndProject
Project("{FAE04EC0-301F-11D3-BF4B-00C04F79EFBC}") = "ArticleAontentReport", "ArticleAontentReport\ArticleAontentReport.csproj", "{F36D0885-4B22-4FF8-8562-B3D3599770A7}"
EndProject
Project("{2150E333-8FDC-42A3-9474-1A3956D46DE8}") = ".nuget", ".nuget", "{882E8F48-33B3-40B9-B1A9-E5BF178261E9}"
	ProjectSection(SolutionItems) = preProject
		.nuget\packages.config = .nuget\packages.config
	EndProjectSection
EndProject
Global
	GlobalSection(SolutionConfigurationPlatforms) = preSolution
		Debug|Any CPU = Debug|Any CPU
		Release|Any CPU = Release|Any CPU
	EndGlobalSection
	GlobalSection(ProjectConfigurationPlatforms) = postSolution
		{A3C35B7D-41B8-4828-AF64-B82E3A6842F0}.Debug|Any CPU.ActiveCfg = Debug|Any CPU
		{A3C35B7D-41B8-4828-AF64-B82E3A6842F0}.Debug|Any CPU.Build.0 = Debug|Any CPU
		{A3C35B7D-41B8-4828-AF64-B82E3A6842F0}.Release|Any CPU.ActiveCfg = Release|Any CPU
		{A3C35B7D-41B8-4828-AF64-B82E3A6842F0}.Release|Any CPU.Build.0 = Release|Any CPU
		{F36D0885-4B22-4FF8-8562-B3D3599770A7}.Debug|Any CPU.ActiveCfg = Debug|Any CPU
		{F36D0885-4B22-4FF8-8562-B3D3599770A7}.Debug|Any CPU.Build.0 = Debug|Any CPU
		{F36D0885-4B22-4FF8-8562-B3D3599770A7}.Release|Any CPU.ActiveCfg = Release|Any CPU
		{F36D0885-4B22-4FF8-8562-B3D3599770A7}.Release|Any CPU.Build.0 = Release|Any CPU
	EndGlobalSection
	GlobalSection(SolutionProperties) = preSolution
		HideSolutionNode = FALSE
	EndGlobalSection
EndGlobal
