
Microsoft Visual Studio Solution File, Format Version 12.00
# Visual Studio 2012
Project("{FAE04EC0-301F-11D3-BF4B-00C04F79EFBC}") = "AutoEproof", "AutoEproof.csproj", "{0DD8DD04-C1AB-407B-8A33-724692F6B548}"
EndProject
Project("{FAE04EC0-301F-11D3-BF4B-00C04F79EFBC}") = "PdfProcess", "..\PdfProcess\PdfProcess.csproj", "{15709717-A248-43DD-BF54-BFD2FD916745}"
EndProject
Project("{FAE04EC0-301F-11D3-BF4B-00C04F79EFBC}") = "EproofURL", "..\EproofURL\EproofURL.csproj", "{59BA0D23-221A-41FA-992A-D5AA1062DBDA}"
EndProject
Project("{FAE04EC0-301F-11D3-BF4B-00C04F79EFBC}") = "MsgRcvr", "..\MsgRcvr\MsgRcvr.csproj", "{C16F21B1-3423-4E88-BDA1-66DB1F8DC7D7}"
EndProject
Project("{FAE04EC0-301F-11D3-BF4B-00C04F79EFBC}") = "AutoEProofWin", "..\AutoEProofWin\AutoEProofWin.csproj", "{4FEE3BC1-B042-4EFE-914A-2ADAE5A7F2FD}"
EndProject
Project("{FAE04EC0-301F-11D3-BF4B-00C04F79EFBC}") = "ProcessNotification", "..\ProcessNotification\ProcessNotification.csproj", "{50E0A934-1E01-478B-93DA-44BCCF9B9AFC}"
EndProject
Project("{FAE04EC0-301F-11D3-BF4B-00C04F79EFBC}") = "Applywatermark", "..\Applywatermark\Applywatermark.csproj", "{C494E36C-A357-43A6-A4CA-1E01745BA5EF}"
EndProject
Project("{FAE04EC0-301F-11D3-BF4B-00C04F79EFBC}") = "CopyOrderMatToGang", "..\CopyOrderMatToGang\CopyOrderMatToGang.csproj", "{2B953677-6A02-46BE-8D38-5DFEC9948913}"
EndProject
Project("{FAE04EC0-301F-11D3-BF4B-00C04F79EFBC}") = "PDFAnnotationEnable", "..\PDFAnnotationEnable\PDFAnnotationEnable.csproj", "{5D79096D-2948-4575-9E0D-EE91363974B9}"
EndProject
Project("{FAE04EC0-301F-11D3-BF4B-00C04F79EFBC}") = "RvsIssFileCopy", "..\RvsIssFileCopy\RvsIssFileCopy.csproj", "{106B2331-753F-4963-BC50-EF1DAA8D8762}"
EndProject
Project("{FAE04EC0-301F-11D3-BF4B-00C04F79EFBC}") = "EPOut", "..\EPOut\EPOut.csproj", "{6F684F2E-8C19-47B7-8DE2-E4DA2CBA1767}"
EndProject
Project("{FAE04EC0-301F-11D3-BF4B-00C04F79EFBC}") = "AutoIntegrate", "..\AutoIntegrate\AutoIntegrate.csproj", "{13B55808-5C16-49D8-85A1-923661A156B6}"
EndProject
Project("{FAE04EC0-301F-11D3-BF4B-00C04F79EFBC}") = "UpdateELSRcvDueDate", "..\UpdateELSRcvDueDate\UpdateELSRcvDueDate.csproj", "{5C621583-49C5-4226-BF4A-CCA1EDAFE407}"
EndProject
Project("{FAE04EC0-301F-11D3-BF4B-00C04F79EFBC}") = "DOC_HTML_XML", "..\DOC_HTML_XML\DOC_HTML_XML.csproj", "{EEB7B6B6-9FEA-4C7D-B6BF-2F3D8F53EA46}"
EndProject
Project("{FAE04EC0-301F-11D3-BF4B-00C04F79EFBC}") = "HtmlDiff", "..\htmldiff.net-master\htmldiff.net-master\HtmlDiff\HtmlDiff.csproj", "{186B7471-867E-4AE8-9BD2-1DDA8BF76BC0}"
EndProject
Project("{FAE04EC0-301F-11D3-BF4B-00C04F79EFBC}") = "LWWeProof", "..\LWWeProof\LWWeProof.csproj", "{27E066E2-FBEC-44CE-93DB-AFDDD3FACC83}"
EndProject
Project("{FAE04EC0-301F-11D3-BF4B-00C04F79EFBC}") = "Test1", "..\IPIPOrderMaterialForTest\Test1.csproj", "{1900D0B1-7706-4380-A7C9-3943AC643C3D}"
EndProject
Project("{FAE04EC0-301F-11D3-BF4B-00C04F79EFBC}") = "ArticleAontentReport", "..\FMSIntegrateUsingEOOLink\ArticleAontentReport\ArticleAontentReport.csproj", "{F36D0885-4B22-4FF8-8562-B3D3599770A7}"
EndProject
Project("{FAE04EC0-301F-11D3-BF4B-00C04F79EFBC}") = "WileyMetaData", "..\FMSIntegrateUsingEOOLink\WileyMetaData\WileyMetaData.csproj", "{51DDD6ED-30F0-417B-9D6B-D1270FD5AC7B}"
EndProject
Project("{FAE04EC0-301F-11D3-BF4B-00C04F79EFBC}") = "TDXPSPlanner", "..\TDXPSPlanner\TDXPSPlanner\TDXPSPlanner.csproj", "{DB5BD0D4-6230-4E27-8AD0-D8A63FA23FEF}"
EndProject
Project("{FAE04EC0-301F-11D3-BF4B-00C04F79EFBC}") = "ThiemeProcess", "..\FMSIntegrateUsingEOOLink\ThiemeProcess\ThiemeProcess\ThiemeProcess.csproj", "{58D2DE20-5A9F-4043-B41E-A6A8462D9F0A}"
EndProject
Project("{FAE04EC0-301F-11D3-BF4B-00C04F79EFBC}") = "ExcelRead", "..\FMSIntegrateUsingEOOLink\ExcelRead\ExcelRead\ExcelRead.csproj", "{8E608C37-FFFA-44DC-9CCB-C871D8D1E972}"
EndProject
Project("{F184B08F-C81C-45F6-A57F-5ABD9991F28F}") = "ExcelSheet", "..\FMSIntegrateUsingEOOLink\ExcelSheet\ExcelSheet.vbproj", "{46E3B7AC-AF65-42D6-8F22-384EBD131C8C}"
EndProject
Project("{F184B08F-C81C-45F6-A57F-5ABD9991F28F}") = "WordProcess", "..\FMSIntegrateUsingEOOLink\WordProcess\WordProcess.vbproj", "{A1D10CA6-ACE6-40D5-849B-BDD88379357E}"
EndProject
Project("{FAE04EC0-301F-11D3-BF4B-00C04F79EFBC}") = "UserProductivity", "..\UserProductivity\UserProductivity.csproj", "{47A04486-4C0D-4344-BFB1-35A7BB8F9567}"
EndProject
Project("{FAE04EC0-301F-11D3-BF4B-00C04F79EFBC}") = "IV", "..\..\IV\IV\IV.csproj", "{30560F41-5D1B-4B73-9A67-C8DD989D4A74}"
EndProject
Project("{FAE04EC0-301F-11D3-BF4B-00C04F79EFBC}") = "FileRename", "..\FileRename\FileRename.csproj", "{29ED7A17-B18A-4608-9003-2F17FE11B190}"
EndProject
Project("{F184B08F-C81C-45F6-A57F-5ABD9991F28F}") = "MSWord", "..\MSWord\MSWord.vbproj", "{F4FFB5FC-0AEC-41FB-B185-C539F6456481}"
EndProject
Project("{FAE04EC0-301F-11D3-BF4B-00C04F79EFBC}") = "DailyRoutineTask", "..\OPS\DailyRoutineTask\DailyRoutineTask\DailyRoutineTask.csproj", "{DAF134D0-A0FC-48B2-877C-418097F86A5E}"
EndProject
Project("{FAE04EC0-301F-11D3-BF4B-00C04F79EFBC}") = "IssueOrder", "..\IssueOrder\IssueOrder.csproj", "{92150E52-A25F-4B71-B146-D6B4A7B801B2}"
EndProject
Project("{FAE04EC0-301F-11D3-BF4B-00C04F79EFBC}") = "LWWAutoIntegrate", "..\LWWAutoIntegrate\LWWAutoIntegrate.csproj", "{8F81EE94-FE77-485F-B67E-A313F853A802}"
EndProject
Project("{FAE04EC0-301F-11D3-BF4B-00C04F79EFBC}") = "LWWAutoDownload", "..\LWWAutoDownload\LWWAutoDownload.csproj", "{302EFA7D-B357-496A-9DB7-CCF2705C45C8}"
EndProject
Project("{FAE04EC0-301F-11D3-BF4B-00C04F79EFBC}") = "LWWDBLayer", "..\LWWDBLayer\LWWDBLayer.csproj", "{211DADBD-1518-4D84-B10A-06C7545C2FAB}"
EndProject
Project("{FAE04EC0-301F-11D3-BF4B-00C04F79EFBC}") = "LWW_FTP", "..\LWW_FTP\LWW_FTP\LWW_FTP.csproj", "{8CE30614-5029-4604-AA26-8E15C8B0D06E}"
EndProject
Project("{FAE04EC0-301F-11D3-BF4B-00C04F79EFBC}") = "AutoUploadDStoJQA", "..\AutoUploadDStoJQA\AutoUploadDStoJQA.csproj", "{27D4D4FF-2853-4373-8030-08F0A493245A}"
EndProject
Project("{FAE04EC0-301F-11D3-BF4B-00C04F79EFBC}") = "IssueInOut", "..\IssueInOut\IssueInOut.csproj", "{4978BAE4-C608-42C7-BE6F-CAB1EBFEF229}"
EndProject
Project("{FAE04EC0-301F-11D3-BF4B-00C04F79EFBC}") = "EDPConversion", "..\EDPConversion\EDPConversion.csproj", "{3189FABE-B4C0-4097-94D4-1F2E52BED924}"
EndProject
Project("{FAE04EC0-301F-11D3-BF4B-00C04F79EFBC}") = "CopyPdfFromGang", "..\CopyPdfFromGang\CopyPdfFromGang.csproj", "{57642255-4E24-45A1-9A96-AC5B4573989C}"
EndProject
Project("{FAE04EC0-301F-11D3-BF4B-00C04F79EFBC}") = "MedknowIntegrate", "..\MedknowIntegrate\MedknowIntegrate.csproj", "{F1B7CEB1-F743-4475-9412-46B502A10CA0}"
EndProject
Project("{FAE04EC0-301F-11D3-BF4B-00C04F79EFBC}") = "MDKeProof", "..\MDKeProof\MDKeProof.csproj", "{04E1336D-630C-47CE-BFF5-E82DC2003DAF}"
EndProject
Project("{FAE04EC0-301F-11D3-BF4B-00C04F79EFBC}") = "UpdateLWWCEPages", "..\UpdateLWWCEPages\UpdateLWWCEPages.csproj", "{3AAEEE78-B693-4DF3-9A49-2326D7014B8C}"
EndProject
Project("{FAE04EC0-301F-11D3-BF4B-00C04F79EFBC}") = "CopyCleanProof", "..\CopyCleanProof\CopyCleanProof.csproj", "{803051F8-81DB-48EA-85D1-600596FA9C27}"
EndProject
Project("{FAE04EC0-301F-11D3-BF4B-00C04F79EFBC}") = "DatabaseLayer", "..\..\WinCVS\AutoEproof\DatabaseLayer\DatabaseLayer.csproj", "{9CEDCA40-B5CF-4375-A061-30C341003265}"
EndProject
Global
	GlobalSection(SolutionConfigurationPlatforms) = preSolution
		Debug|Any CPU = Debug|Any CPU
		Debug|Mixed Platforms = Debug|Mixed Platforms
		Debug|x86 = Debug|x86
		Release|Any CPU = Release|Any CPU
		Release|Mixed Platforms = Release|Mixed Platforms
		Release|x86 = Release|x86
	EndGlobalSection
	GlobalSection(ProjectConfigurationPlatforms) = postSolution
		{0DD8DD04-C1AB-407B-8A33-724692F6B548}.Debug|Any CPU.ActiveCfg = Debug|Any CPU
		{0DD8DD04-C1AB-407B-8A33-724692F6B548}.Debug|Any CPU.Build.0 = Debug|Any CPU
		{0DD8DD04-C1AB-407B-8A33-724692F6B548}.Debug|Mixed Platforms.ActiveCfg = Debug|Any CPU
		{0DD8DD04-C1AB-407B-8A33-724692F6B548}.Debug|Mixed Platforms.Build.0 = Debug|Any CPU
		{0DD8DD04-C1AB-407B-8A33-724692F6B548}.Debug|x86.ActiveCfg = Debug|Any CPU
		{0DD8DD04-C1AB-407B-8A33-724692F6B548}.Release|Any CPU.ActiveCfg = Release|Any CPU
		{0DD8DD04-C1AB-407B-8A33-724692F6B548}.Release|Any CPU.Build.0 = Release|Any CPU
		{0DD8DD04-C1AB-407B-8A33-724692F6B548}.Release|Mixed Platforms.ActiveCfg = Release|Any CPU
		{0DD8DD04-C1AB-407B-8A33-724692F6B548}.Release|Mixed Platforms.Build.0 = Release|Any CPU
		{0DD8DD04-C1AB-407B-8A33-724692F6B548}.Release|x86.ActiveCfg = Release|Any CPU
		{15709717-A248-43DD-BF54-BFD2FD916745}.Debug|Any CPU.ActiveCfg = Debug|Any CPU
		{15709717-A248-43DD-BF54-BFD2FD916745}.Debug|Any CPU.Build.0 = Debug|Any CPU
		{15709717-A248-43DD-BF54-BFD2FD916745}.Debug|Mixed Platforms.ActiveCfg = Debug|Any CPU
		{15709717-A248-43DD-BF54-BFD2FD916745}.Debug|Mixed Platforms.Build.0 = Debug|Any CPU
		{15709717-A248-43DD-BF54-BFD2FD916745}.Debug|x86.ActiveCfg = Debug|Any CPU
		{15709717-A248-43DD-BF54-BFD2FD916745}.Release|Any CPU.ActiveCfg = Release|Any CPU
		{15709717-A248-43DD-BF54-BFD2FD916745}.Release|Any CPU.Build.0 = Release|Any CPU
		{15709717-A248-43DD-BF54-BFD2FD916745}.Release|Mixed Platforms.ActiveCfg = Release|Any CPU
		{15709717-A248-43DD-BF54-BFD2FD916745}.Release|Mixed Platforms.Build.0 = Release|Any CPU
		{15709717-A248-43DD-BF54-BFD2FD916745}.Release|x86.ActiveCfg = Release|Any CPU
		{59BA0D23-221A-41FA-992A-D5AA1062DBDA}.Debug|Any CPU.ActiveCfg = Debug|Any CPU
		{59BA0D23-221A-41FA-992A-D5AA1062DBDA}.Debug|Any CPU.Build.0 = Debug|Any CPU
		{59BA0D23-221A-41FA-992A-D5AA1062DBDA}.Debug|Mixed Platforms.ActiveCfg = Debug|Any CPU
		{59BA0D23-221A-41FA-992A-D5AA1062DBDA}.Debug|Mixed Platforms.Build.0 = Debug|Any CPU
		{59BA0D23-221A-41FA-992A-D5AA1062DBDA}.Debug|x86.ActiveCfg = Debug|Any CPU
		{59BA0D23-221A-41FA-992A-D5AA1062DBDA}.Release|Any CPU.ActiveCfg = Release|Any CPU
		{59BA0D23-221A-41FA-992A-D5AA1062DBDA}.Release|Any CPU.Build.0 = Release|Any CPU
		{59BA0D23-221A-41FA-992A-D5AA1062DBDA}.Release|Mixed Platforms.ActiveCfg = Release|Any CPU
		{59BA0D23-221A-41FA-992A-D5AA1062DBDA}.Release|Mixed Platforms.Build.0 = Release|Any CPU
		{59BA0D23-221A-41FA-992A-D5AA1062DBDA}.Release|x86.ActiveCfg = Release|Any CPU
		{C16F21B1-3423-4E88-BDA1-66DB1F8DC7D7}.Debug|Any CPU.ActiveCfg = Debug|Any CPU
		{C16F21B1-3423-4E88-BDA1-66DB1F8DC7D7}.Debug|Any CPU.Build.0 = Debug|Any CPU
		{C16F21B1-3423-4E88-BDA1-66DB1F8DC7D7}.Debug|Mixed Platforms.ActiveCfg = Debug|Any CPU
		{C16F21B1-3423-4E88-BDA1-66DB1F8DC7D7}.Debug|Mixed Platforms.Build.0 = Debug|Any CPU
		{C16F21B1-3423-4E88-BDA1-66DB1F8DC7D7}.Debug|x86.ActiveCfg = Debug|Any CPU
		{C16F21B1-3423-4E88-BDA1-66DB1F8DC7D7}.Release|Any CPU.ActiveCfg = Release|Any CPU
		{C16F21B1-3423-4E88-BDA1-66DB1F8DC7D7}.Release|Any CPU.Build.0 = Release|Any CPU
		{C16F21B1-3423-4E88-BDA1-66DB1F8DC7D7}.Release|Mixed Platforms.ActiveCfg = Release|Any CPU
		{C16F21B1-3423-4E88-BDA1-66DB1F8DC7D7}.Release|Mixed Platforms.Build.0 = Release|Any CPU
		{C16F21B1-3423-4E88-BDA1-66DB1F8DC7D7}.Release|x86.ActiveCfg = Release|Any CPU
		{4FEE3BC1-B042-4EFE-914A-2ADAE5A7F2FD}.Debug|Any CPU.ActiveCfg = Debug|Any CPU
		{4FEE3BC1-B042-4EFE-914A-2ADAE5A7F2FD}.Debug|Any CPU.Build.0 = Debug|Any CPU
		{4FEE3BC1-B042-4EFE-914A-2ADAE5A7F2FD}.Debug|Mixed Platforms.ActiveCfg = Debug|Any CPU
		{4FEE3BC1-B042-4EFE-914A-2ADAE5A7F2FD}.Debug|Mixed Platforms.Build.0 = Debug|Any CPU
		{4FEE3BC1-B042-4EFE-914A-2ADAE5A7F2FD}.Debug|x86.ActiveCfg = Debug|Any CPU
		{4FEE3BC1-B042-4EFE-914A-2ADAE5A7F2FD}.Release|Any CPU.ActiveCfg = Release|Any CPU
		{4FEE3BC1-B042-4EFE-914A-2ADAE5A7F2FD}.Release|Any CPU.Build.0 = Release|Any CPU
		{4FEE3BC1-B042-4EFE-914A-2ADAE5A7F2FD}.Release|Mixed Platforms.ActiveCfg = Release|Any CPU
		{4FEE3BC1-B042-4EFE-914A-2ADAE5A7F2FD}.Release|Mixed Platforms.Build.0 = Release|Any CPU
		{4FEE3BC1-B042-4EFE-914A-2ADAE5A7F2FD}.Release|x86.ActiveCfg = Release|Any CPU
		{50E0A934-1E01-478B-93DA-44BCCF9B9AFC}.Debug|Any CPU.ActiveCfg = Debug|Any CPU
		{50E0A934-1E01-478B-93DA-44BCCF9B9AFC}.Debug|Any CPU.Build.0 = Debug|Any CPU
		{50E0A934-1E01-478B-93DA-44BCCF9B9AFC}.Debug|Mixed Platforms.ActiveCfg = Debug|Any CPU
		{50E0A934-1E01-478B-93DA-44BCCF9B9AFC}.Debug|Mixed Platforms.Build.0 = Debug|Any CPU
		{50E0A934-1E01-478B-93DA-44BCCF9B9AFC}.Debug|x86.ActiveCfg = Debug|Any CPU
		{50E0A934-1E01-478B-93DA-44BCCF9B9AFC}.Release|Any CPU.ActiveCfg = Release|Any CPU
		{50E0A934-1E01-478B-93DA-44BCCF9B9AFC}.Release|Any CPU.Build.0 = Release|Any CPU
		{50E0A934-1E01-478B-93DA-44BCCF9B9AFC}.Release|Mixed Platforms.ActiveCfg = Release|Any CPU
		{50E0A934-1E01-478B-93DA-44BCCF9B9AFC}.Release|Mixed Platforms.Build.0 = Release|Any CPU
		{50E0A934-1E01-478B-93DA-44BCCF9B9AFC}.Release|x86.ActiveCfg = Release|Any CPU
		{C494E36C-A357-43A6-A4CA-1E01745BA5EF}.Debug|Any CPU.ActiveCfg = Debug|Any CPU
		{C494E36C-A357-43A6-A4CA-1E01745BA5EF}.Debug|Any CPU.Build.0 = Debug|Any CPU
		{C494E36C-A357-43A6-A4CA-1E01745BA5EF}.Debug|Mixed Platforms.ActiveCfg = Debug|Any CPU
		{C494E36C-A357-43A6-A4CA-1E01745BA5EF}.Debug|Mixed Platforms.Build.0 = Debug|Any CPU
		{C494E36C-A357-43A6-A4CA-1E01745BA5EF}.Debug|x86.ActiveCfg = Debug|Any CPU
		{C494E36C-A357-43A6-A4CA-1E01745BA5EF}.Release|Any CPU.ActiveCfg = Release|Any CPU
		{C494E36C-A357-43A6-A4CA-1E01745BA5EF}.Release|Any CPU.Build.0 = Release|Any CPU
		{C494E36C-A357-43A6-A4CA-1E01745BA5EF}.Release|Mixed Platforms.ActiveCfg = Release|Any CPU
		{C494E36C-A357-43A6-A4CA-1E01745BA5EF}.Release|Mixed Platforms.Build.0 = Release|Any CPU
		{C494E36C-A357-43A6-A4CA-1E01745BA5EF}.Release|x86.ActiveCfg = Release|Any CPU
		{2B953677-6A02-46BE-8D38-5DFEC9948913}.Debug|Any CPU.ActiveCfg = Debug|Any CPU
		{2B953677-6A02-46BE-8D38-5DFEC9948913}.Debug|Any CPU.Build.0 = Debug|Any CPU
		{2B953677-6A02-46BE-8D38-5DFEC9948913}.Debug|Mixed Platforms.ActiveCfg = Debug|Any CPU
		{2B953677-6A02-46BE-8D38-5DFEC9948913}.Debug|Mixed Platforms.Build.0 = Debug|Any CPU
		{2B953677-6A02-46BE-8D38-5DFEC9948913}.Debug|x86.ActiveCfg = Debug|Any CPU
		{2B953677-6A02-46BE-8D38-5DFEC9948913}.Release|Any CPU.ActiveCfg = Release|Any CPU
		{2B953677-6A02-46BE-8D38-5DFEC9948913}.Release|Any CPU.Build.0 = Release|Any CPU
		{2B953677-6A02-46BE-8D38-5DFEC9948913}.Release|Mixed Platforms.ActiveCfg = Release|Any CPU
		{2B953677-6A02-46BE-8D38-5DFEC9948913}.Release|Mixed Platforms.Build.0 = Release|Any CPU
		{2B953677-6A02-46BE-8D38-5DFEC9948913}.Release|x86.ActiveCfg = Release|Any CPU
		{5D79096D-2948-4575-9E0D-EE91363974B9}.Debug|Any CPU.ActiveCfg = Debug|Any CPU
		{5D79096D-2948-4575-9E0D-EE91363974B9}.Debug|Any CPU.Build.0 = Debug|Any CPU
		{5D79096D-2948-4575-9E0D-EE91363974B9}.Debug|Mixed Platforms.ActiveCfg = Debug|Any CPU
		{5D79096D-2948-4575-9E0D-EE91363974B9}.Debug|Mixed Platforms.Build.0 = Debug|Any CPU
		{5D79096D-2948-4575-9E0D-EE91363974B9}.Debug|x86.ActiveCfg = Debug|Any CPU
		{5D79096D-2948-4575-9E0D-EE91363974B9}.Release|Any CPU.ActiveCfg = Release|Any CPU
		{5D79096D-2948-4575-9E0D-EE91363974B9}.Release|Any CPU.Build.0 = Release|Any CPU
		{5D79096D-2948-4575-9E0D-EE91363974B9}.Release|Mixed Platforms.ActiveCfg = Release|Any CPU
		{5D79096D-2948-4575-9E0D-EE91363974B9}.Release|Mixed Platforms.Build.0 = Release|Any CPU
		{5D79096D-2948-4575-9E0D-EE91363974B9}.Release|x86.ActiveCfg = Release|Any CPU
		{106B2331-753F-4963-BC50-EF1DAA8D8762}.Debug|Any CPU.ActiveCfg = Debug|Any CPU
		{106B2331-753F-4963-BC50-EF1DAA8D8762}.Debug|Any CPU.Build.0 = Debug|Any CPU
		{106B2331-753F-4963-BC50-EF1DAA8D8762}.Debug|Mixed Platforms.ActiveCfg = Debug|Any CPU
		{106B2331-753F-4963-BC50-EF1DAA8D8762}.Debug|Mixed Platforms.Build.0 = Debug|Any CPU
		{106B2331-753F-4963-BC50-EF1DAA8D8762}.Debug|x86.ActiveCfg = Debug|Any CPU
		{106B2331-753F-4963-BC50-EF1DAA8D8762}.Release|Any CPU.ActiveCfg = Release|Any CPU
		{106B2331-753F-4963-BC50-EF1DAA8D8762}.Release|Any CPU.Build.0 = Release|Any CPU
		{106B2331-753F-4963-BC50-EF1DAA8D8762}.Release|Mixed Platforms.ActiveCfg = Release|Any CPU
		{106B2331-753F-4963-BC50-EF1DAA8D8762}.Release|Mixed Platforms.Build.0 = Release|Any CPU
		{106B2331-753F-4963-BC50-EF1DAA8D8762}.Release|x86.ActiveCfg = Release|Any CPU
		{6F684F2E-8C19-47B7-8DE2-E4DA2CBA1767}.Debug|Any CPU.ActiveCfg = Debug|Any CPU
		{6F684F2E-8C19-47B7-8DE2-E4DA2CBA1767}.Debug|Any CPU.Build.0 = Debug|Any CPU
		{6F684F2E-8C19-47B7-8DE2-E4DA2CBA1767}.Debug|Mixed Platforms.ActiveCfg = Debug|Any CPU
		{6F684F2E-8C19-47B7-8DE2-E4DA2CBA1767}.Debug|Mixed Platforms.Build.0 = Debug|Any CPU
		{6F684F2E-8C19-47B7-8DE2-E4DA2CBA1767}.Debug|x86.ActiveCfg = Debug|Any CPU
		{6F684F2E-8C19-47B7-8DE2-E4DA2CBA1767}.Release|Any CPU.ActiveCfg = Release|Any CPU
		{6F684F2E-8C19-47B7-8DE2-E4DA2CBA1767}.Release|Any CPU.Build.0 = Release|Any CPU
		{6F684F2E-8C19-47B7-8DE2-E4DA2CBA1767}.Release|Mixed Platforms.ActiveCfg = Release|Any CPU
		{6F684F2E-8C19-47B7-8DE2-E4DA2CBA1767}.Release|Mixed Platforms.Build.0 = Release|Any CPU
		{6F684F2E-8C19-47B7-8DE2-E4DA2CBA1767}.Release|x86.ActiveCfg = Release|Any CPU
		{13B55808-5C16-49D8-85A1-923661A156B6}.Debug|Any CPU.ActiveCfg = Debug|Any CPU
		{13B55808-5C16-49D8-85A1-923661A156B6}.Debug|Any CPU.Build.0 = Debug|Any CPU
		{13B55808-5C16-49D8-85A1-923661A156B6}.Debug|Mixed Platforms.ActiveCfg = Debug|Any CPU
		{13B55808-5C16-49D8-85A1-923661A156B6}.Debug|Mixed Platforms.Build.0 = Debug|Any CPU
		{13B55808-5C16-49D8-85A1-923661A156B6}.Debug|x86.ActiveCfg = Debug|Any CPU
		{13B55808-5C16-49D8-85A1-923661A156B6}.Release|Any CPU.ActiveCfg = Release|Any CPU
		{13B55808-5C16-49D8-85A1-923661A156B6}.Release|Any CPU.Build.0 = Release|Any CPU
		{13B55808-5C16-49D8-85A1-923661A156B6}.Release|Mixed Platforms.ActiveCfg = Release|Any CPU
		{13B55808-5C16-49D8-85A1-923661A156B6}.Release|Mixed Platforms.Build.0 = Release|Any CPU
		{13B55808-5C16-49D8-85A1-923661A156B6}.Release|x86.ActiveCfg = Release|Any CPU
		{5C621583-49C5-4226-BF4A-CCA1EDAFE407}.Debug|Any CPU.ActiveCfg = Debug|Any CPU
		{5C621583-49C5-4226-BF4A-CCA1EDAFE407}.Debug|Any CPU.Build.0 = Debug|Any CPU
		{5C621583-49C5-4226-BF4A-CCA1EDAFE407}.Debug|Mixed Platforms.ActiveCfg = Debug|Any CPU
		{5C621583-49C5-4226-BF4A-CCA1EDAFE407}.Debug|Mixed Platforms.Build.0 = Debug|Any CPU
		{5C621583-49C5-4226-BF4A-CCA1EDAFE407}.Debug|x86.ActiveCfg = Debug|Any CPU
		{5C621583-49C5-4226-BF4A-CCA1EDAFE407}.Release|Any CPU.ActiveCfg = Release|Any CPU
		{5C621583-49C5-4226-BF4A-CCA1EDAFE407}.Release|Any CPU.Build.0 = Release|Any CPU
		{5C621583-49C5-4226-BF4A-CCA1EDAFE407}.Release|Mixed Platforms.ActiveCfg = Release|Any CPU
		{5C621583-49C5-4226-BF4A-CCA1EDAFE407}.Release|Mixed Platforms.Build.0 = Release|Any CPU
		{5C621583-49C5-4226-BF4A-CCA1EDAFE407}.Release|x86.ActiveCfg = Release|Any CPU
		{EEB7B6B6-9FEA-4C7D-B6BF-2F3D8F53EA46}.Debug|Any CPU.ActiveCfg = Debug|Any CPU
		{EEB7B6B6-9FEA-4C7D-B6BF-2F3D8F53EA46}.Debug|Any CPU.Build.0 = Debug|Any CPU
		{EEB7B6B6-9FEA-4C7D-B6BF-2F3D8F53EA46}.Debug|Mixed Platforms.ActiveCfg = Debug|Any CPU
		{EEB7B6B6-9FEA-4C7D-B6BF-2F3D8F53EA46}.Debug|Mixed Platforms.Build.0 = Debug|Any CPU
		{EEB7B6B6-9FEA-4C7D-B6BF-2F3D8F53EA46}.Debug|x86.ActiveCfg = Debug|Any CPU
		{EEB7B6B6-9FEA-4C7D-B6BF-2F3D8F53EA46}.Release|Any CPU.ActiveCfg = Release|Any CPU
		{EEB7B6B6-9FEA-4C7D-B6BF-2F3D8F53EA46}.Release|Any CPU.Build.0 = Release|Any CPU
		{EEB7B6B6-9FEA-4C7D-B6BF-2F3D8F53EA46}.Release|Mixed Platforms.ActiveCfg = Release|Any CPU
		{EEB7B6B6-9FEA-4C7D-B6BF-2F3D8F53EA46}.Release|Mixed Platforms.Build.0 = Release|Any CPU
		{EEB7B6B6-9FEA-4C7D-B6BF-2F3D8F53EA46}.Release|x86.ActiveCfg = Release|Any CPU
		{186B7471-867E-4AE8-9BD2-1DDA8BF76BC0}.Debug|Any CPU.ActiveCfg = Debug|Any CPU
		{186B7471-867E-4AE8-9BD2-1DDA8BF76BC0}.Debug|Any CPU.Build.0 = Debug|Any CPU
		{186B7471-867E-4AE8-9BD2-1DDA8BF76BC0}.Debug|Mixed Platforms.ActiveCfg = Debug|Any CPU
		{186B7471-867E-4AE8-9BD2-1DDA8BF76BC0}.Debug|Mixed Platforms.Build.0 = Debug|Any CPU
		{186B7471-867E-4AE8-9BD2-1DDA8BF76BC0}.Debug|x86.ActiveCfg = Debug|Any CPU
		{186B7471-867E-4AE8-9BD2-1DDA8BF76BC0}.Release|Any CPU.ActiveCfg = Release|Any CPU
		{186B7471-867E-4AE8-9BD2-1DDA8BF76BC0}.Release|Any CPU.Build.0 = Release|Any CPU
		{186B7471-867E-4AE8-9BD2-1DDA8BF76BC0}.Release|Mixed Platforms.ActiveCfg = Release|Any CPU
		{186B7471-867E-4AE8-9BD2-1DDA8BF76BC0}.Release|Mixed Platforms.Build.0 = Release|Any CPU
		{186B7471-867E-4AE8-9BD2-1DDA8BF76BC0}.Release|x86.ActiveCfg = Release|Any CPU
		{27E066E2-FBEC-44CE-93DB-AFDDD3FACC83}.Debug|Any CPU.ActiveCfg = Debug|Any CPU
		{27E066E2-FBEC-44CE-93DB-AFDDD3FACC83}.Debug|Any CPU.Build.0 = Debug|Any CPU
		{27E066E2-FBEC-44CE-93DB-AFDDD3FACC83}.Debug|Mixed Platforms.ActiveCfg = Debug|Any CPU
		{27E066E2-FBEC-44CE-93DB-AFDDD3FACC83}.Debug|Mixed Platforms.Build.0 = Debug|Any CPU
		{27E066E2-FBEC-44CE-93DB-AFDDD3FACC83}.Debug|x86.ActiveCfg = Debug|Any CPU
		{27E066E2-FBEC-44CE-93DB-AFDDD3FACC83}.Release|Any CPU.ActiveCfg = Release|Any CPU
		{27E066E2-FBEC-44CE-93DB-AFDDD3FACC83}.Release|Any CPU.Build.0 = Release|Any CPU
		{27E066E2-FBEC-44CE-93DB-AFDDD3FACC83}.Release|Mixed Platforms.ActiveCfg = Release|Any CPU
		{27E066E2-FBEC-44CE-93DB-AFDDD3FACC83}.Release|Mixed Platforms.Build.0 = Release|Any CPU
		{27E066E2-FBEC-44CE-93DB-AFDDD3FACC83}.Release|x86.ActiveCfg = Release|Any CPU
		{1900D0B1-7706-4380-A7C9-3943AC643C3D}.Debug|Any CPU.ActiveCfg = Debug|Any CPU
		{1900D0B1-7706-4380-A7C9-3943AC643C3D}.Debug|Any CPU.Build.0 = Debug|Any CPU
		{1900D0B1-7706-4380-A7C9-3943AC643C3D}.Debug|Mixed Platforms.ActiveCfg = Debug|Any CPU
		{1900D0B1-7706-4380-A7C9-3943AC643C3D}.Debug|Mixed Platforms.Build.0 = Debug|Any CPU
		{1900D0B1-7706-4380-A7C9-3943AC643C3D}.Debug|x86.ActiveCfg = Debug|Any CPU
		{1900D0B1-7706-4380-A7C9-3943AC643C3D}.Release|Any CPU.ActiveCfg = Release|Any CPU
		{1900D0B1-7706-4380-A7C9-3943AC643C3D}.Release|Any CPU.Build.0 = Release|Any CPU
		{1900D0B1-7706-4380-A7C9-3943AC643C3D}.Release|Mixed Platforms.ActiveCfg = Release|Any CPU
		{1900D0B1-7706-4380-A7C9-3943AC643C3D}.Release|Mixed Platforms.Build.0 = Release|Any CPU
		{1900D0B1-7706-4380-A7C9-3943AC643C3D}.Release|x86.ActiveCfg = Release|Any CPU
		{F36D0885-4B22-4FF8-8562-B3D3599770A7}.Debug|Any CPU.ActiveCfg = Debug|Any CPU
		{F36D0885-4B22-4FF8-8562-B3D3599770A7}.Debug|Any CPU.Build.0 = Debug|Any CPU
		{F36D0885-4B22-4FF8-8562-B3D3599770A7}.Debug|Mixed Platforms.ActiveCfg = Debug|Any CPU
		{F36D0885-4B22-4FF8-8562-B3D3599770A7}.Debug|Mixed Platforms.Build.0 = Debug|Any CPU
		{F36D0885-4B22-4FF8-8562-B3D3599770A7}.Debug|x86.ActiveCfg = Debug|Any CPU
		{F36D0885-4B22-4FF8-8562-B3D3599770A7}.Release|Any CPU.ActiveCfg = Release|Any CPU
		{F36D0885-4B22-4FF8-8562-B3D3599770A7}.Release|Any CPU.Build.0 = Release|Any CPU
		{F36D0885-4B22-4FF8-8562-B3D3599770A7}.Release|Mixed Platforms.ActiveCfg = Release|Any CPU
		{F36D0885-4B22-4FF8-8562-B3D3599770A7}.Release|Mixed Platforms.Build.0 = Release|Any CPU
		{F36D0885-4B22-4FF8-8562-B3D3599770A7}.Release|x86.ActiveCfg = Release|Any CPU
		{51DDD6ED-30F0-417B-9D6B-D1270FD5AC7B}.Debug|Any CPU.ActiveCfg = Debug|Any CPU
		{51DDD6ED-30F0-417B-9D6B-D1270FD5AC7B}.Debug|Any CPU.Build.0 = Debug|Any CPU
		{51DDD6ED-30F0-417B-9D6B-D1270FD5AC7B}.Debug|Mixed Platforms.ActiveCfg = Debug|Any CPU
		{51DDD6ED-30F0-417B-9D6B-D1270FD5AC7B}.Debug|Mixed Platforms.Build.0 = Debug|Any CPU
		{51DDD6ED-30F0-417B-9D6B-D1270FD5AC7B}.Debug|x86.ActiveCfg = Debug|Any CPU
		{51DDD6ED-30F0-417B-9D6B-D1270FD5AC7B}.Release|Any CPU.ActiveCfg = Release|Any CPU
		{51DDD6ED-30F0-417B-9D6B-D1270FD5AC7B}.Release|Any CPU.Build.0 = Release|Any CPU
		{51DDD6ED-30F0-417B-9D6B-D1270FD5AC7B}.Release|Mixed Platforms.ActiveCfg = Release|Any CPU
		{51DDD6ED-30F0-417B-9D6B-D1270FD5AC7B}.Release|Mixed Platforms.Build.0 = Release|Any CPU
		{51DDD6ED-30F0-417B-9D6B-D1270FD5AC7B}.Release|x86.ActiveCfg = Release|Any CPU
		{DB5BD0D4-6230-4E27-8AD0-D8A63FA23FEF}.Debug|Any CPU.ActiveCfg = Debug|Any CPU
		{DB5BD0D4-6230-4E27-8AD0-D8A63FA23FEF}.Debug|Any CPU.Build.0 = Debug|Any CPU
		{DB5BD0D4-6230-4E27-8AD0-D8A63FA23FEF}.Debug|Mixed Platforms.ActiveCfg = Debug|Any CPU
		{DB5BD0D4-6230-4E27-8AD0-D8A63FA23FEF}.Debug|Mixed Platforms.Build.0 = Debug|Any CPU
		{DB5BD0D4-6230-4E27-8AD0-D8A63FA23FEF}.Debug|x86.ActiveCfg = Debug|Any CPU
		{DB5BD0D4-6230-4E27-8AD0-D8A63FA23FEF}.Release|Any CPU.ActiveCfg = Release|Any CPU
		{DB5BD0D4-6230-4E27-8AD0-D8A63FA23FEF}.Release|Any CPU.Build.0 = Release|Any CPU
		{DB5BD0D4-6230-4E27-8AD0-D8A63FA23FEF}.Release|Mixed Platforms.ActiveCfg = Release|Any CPU
		{DB5BD0D4-6230-4E27-8AD0-D8A63FA23FEF}.Release|Mixed Platforms.Build.0 = Release|Any CPU
		{DB5BD0D4-6230-4E27-8AD0-D8A63FA23FEF}.Release|x86.ActiveCfg = Release|Any CPU
		{58D2DE20-5A9F-4043-B41E-A6A8462D9F0A}.Debug|Any CPU.ActiveCfg = Debug|Any CPU
		{58D2DE20-5A9F-4043-B41E-A6A8462D9F0A}.Debug|Any CPU.Build.0 = Debug|Any CPU
		{58D2DE20-5A9F-4043-B41E-A6A8462D9F0A}.Debug|Mixed Platforms.ActiveCfg = Debug|Any CPU
		{58D2DE20-5A9F-4043-B41E-A6A8462D9F0A}.Debug|Mixed Platforms.Build.0 = Debug|Any CPU
		{58D2DE20-5A9F-4043-B41E-A6A8462D9F0A}.Debug|x86.ActiveCfg = Debug|Any CPU
		{58D2DE20-5A9F-4043-B41E-A6A8462D9F0A}.Release|Any CPU.ActiveCfg = Release|Any CPU
		{58D2DE20-5A9F-4043-B41E-A6A8462D9F0A}.Release|Any CPU.Build.0 = Release|Any CPU
		{58D2DE20-5A9F-4043-B41E-A6A8462D9F0A}.Release|Mixed Platforms.ActiveCfg = Release|Any CPU
		{58D2DE20-5A9F-4043-B41E-A6A8462D9F0A}.Release|Mixed Platforms.Build.0 = Release|Any CPU
		{58D2DE20-5A9F-4043-B41E-A6A8462D9F0A}.Release|x86.ActiveCfg = Release|Any CPU
		{8E608C37-FFFA-44DC-9CCB-C871D8D1E972}.Debug|Any CPU.ActiveCfg = Debug|Any CPU
		{8E608C37-FFFA-44DC-9CCB-C871D8D1E972}.Debug|Any CPU.Build.0 = Debug|Any CPU
		{8E608C37-FFFA-44DC-9CCB-C871D8D1E972}.Debug|Mixed Platforms.ActiveCfg = Debug|Any CPU
		{8E608C37-FFFA-44DC-9CCB-C871D8D1E972}.Debug|Mixed Platforms.Build.0 = Debug|Any CPU
		{8E608C37-FFFA-44DC-9CCB-C871D8D1E972}.Debug|x86.ActiveCfg = Debug|Any CPU
		{8E608C37-FFFA-44DC-9CCB-C871D8D1E972}.Release|Any CPU.ActiveCfg = Release|Any CPU
		{8E608C37-FFFA-44DC-9CCB-C871D8D1E972}.Release|Any CPU.Build.0 = Release|Any CPU
		{8E608C37-FFFA-44DC-9CCB-C871D8D1E972}.Release|Mixed Platforms.ActiveCfg = Release|Any CPU
		{8E608C37-FFFA-44DC-9CCB-C871D8D1E972}.Release|Mixed Platforms.Build.0 = Release|Any CPU
		{8E608C37-FFFA-44DC-9CCB-C871D8D1E972}.Release|x86.ActiveCfg = Release|Any CPU
		{46E3B7AC-AF65-42D6-8F22-384EBD131C8C}.Debug|Any CPU.ActiveCfg = Debug|Any CPU
		{46E3B7AC-AF65-42D6-8F22-384EBD131C8C}.Debug|Any CPU.Build.0 = Debug|Any CPU
		{46E3B7AC-AF65-42D6-8F22-384EBD131C8C}.Debug|Mixed Platforms.ActiveCfg = Debug|Any CPU
		{46E3B7AC-AF65-42D6-8F22-384EBD131C8C}.Debug|Mixed Platforms.Build.0 = Debug|Any CPU
		{46E3B7AC-AF65-42D6-8F22-384EBD131C8C}.Debug|x86.ActiveCfg = Debug|Any CPU
		{46E3B7AC-AF65-42D6-8F22-384EBD131C8C}.Release|Any CPU.ActiveCfg = Release|Any CPU
		{46E3B7AC-AF65-42D6-8F22-384EBD131C8C}.Release|Any CPU.Build.0 = Release|Any CPU
		{46E3B7AC-AF65-42D6-8F22-384EBD131C8C}.Release|Mixed Platforms.ActiveCfg = Release|Any CPU
		{46E3B7AC-AF65-42D6-8F22-384EBD131C8C}.Release|Mixed Platforms.Build.0 = Release|Any CPU
		{46E3B7AC-AF65-42D6-8F22-384EBD131C8C}.Release|x86.ActiveCfg = Release|Any CPU
		{A1D10CA6-ACE6-40D5-849B-BDD88379357E}.Debug|Any CPU.ActiveCfg = Debug|Any CPU
		{A1D10CA6-ACE6-40D5-849B-BDD88379357E}.Debug|Any CPU.Build.0 = Debug|Any CPU
		{A1D10CA6-ACE6-40D5-849B-BDD88379357E}.Debug|Mixed Platforms.ActiveCfg = Debug|Any CPU
		{A1D10CA6-ACE6-40D5-849B-BDD88379357E}.Debug|Mixed Platforms.Build.0 = Debug|Any CPU
		{A1D10CA6-ACE6-40D5-849B-BDD88379357E}.Debug|x86.ActiveCfg = Debug|Any CPU
		{A1D10CA6-ACE6-40D5-849B-BDD88379357E}.Release|Any CPU.ActiveCfg = Release|Any CPU
		{A1D10CA6-ACE6-40D5-849B-BDD88379357E}.Release|Any CPU.Build.0 = Release|Any CPU
		{A1D10CA6-ACE6-40D5-849B-BDD88379357E}.Release|Mixed Platforms.ActiveCfg = Release|Any CPU
		{A1D10CA6-ACE6-40D5-849B-BDD88379357E}.Release|Mixed Platforms.Build.0 = Release|Any CPU
		{A1D10CA6-ACE6-40D5-849B-BDD88379357E}.Release|x86.ActiveCfg = Release|Any CPU
		{47A04486-4C0D-4344-BFB1-35A7BB8F9567}.Debug|Any CPU.ActiveCfg = Debug|Any CPU
		{47A04486-4C0D-4344-BFB1-35A7BB8F9567}.Debug|Any CPU.Build.0 = Debug|Any CPU
		{47A04486-4C0D-4344-BFB1-35A7BB8F9567}.Debug|Mixed Platforms.ActiveCfg = Debug|Any CPU
		{47A04486-4C0D-4344-BFB1-35A7BB8F9567}.Debug|Mixed Platforms.Build.0 = Debug|Any CPU
		{47A04486-4C0D-4344-BFB1-35A7BB8F9567}.Debug|x86.ActiveCfg = Debug|Any CPU
		{47A04486-4C0D-4344-BFB1-35A7BB8F9567}.Release|Any CPU.ActiveCfg = Release|Any CPU
		{47A04486-4C0D-4344-BFB1-35A7BB8F9567}.Release|Any CPU.Build.0 = Release|Any CPU
		{47A04486-4C0D-4344-BFB1-35A7BB8F9567}.Release|Mixed Platforms.ActiveCfg = Release|Any CPU
		{47A04486-4C0D-4344-BFB1-35A7BB8F9567}.Release|Mixed Platforms.Build.0 = Release|Any CPU
		{47A04486-4C0D-4344-BFB1-35A7BB8F9567}.Release|x86.ActiveCfg = Release|Any CPU
		{30560F41-5D1B-4B73-9A67-C8DD989D4A74}.Debug|Any CPU.ActiveCfg = Debug|Any CPU
		{30560F41-5D1B-4B73-9A67-C8DD989D4A74}.Debug|Any CPU.Build.0 = Debug|Any CPU
		{30560F41-5D1B-4B73-9A67-C8DD989D4A74}.Debug|Mixed Platforms.ActiveCfg = Debug|Any CPU
		{30560F41-5D1B-4B73-9A67-C8DD989D4A74}.Debug|Mixed Platforms.Build.0 = Debug|Any CPU
		{30560F41-5D1B-4B73-9A67-C8DD989D4A74}.Debug|x86.ActiveCfg = Debug|Any CPU
		{30560F41-5D1B-4B73-9A67-C8DD989D4A74}.Release|Any CPU.ActiveCfg = Release|Any CPU
		{30560F41-5D1B-4B73-9A67-C8DD989D4A74}.Release|Any CPU.Build.0 = Release|Any CPU
		{30560F41-5D1B-4B73-9A67-C8DD989D4A74}.Release|Mixed Platforms.ActiveCfg = Release|Any CPU
		{30560F41-5D1B-4B73-9A67-C8DD989D4A74}.Release|Mixed Platforms.Build.0 = Release|Any CPU
		{30560F41-5D1B-4B73-9A67-C8DD989D4A74}.Release|x86.ActiveCfg = Release|Any CPU
		{29ED7A17-B18A-4608-9003-2F17FE11B190}.Debug|Any CPU.ActiveCfg = Debug|Any CPU
		{29ED7A17-B18A-4608-9003-2F17FE11B190}.Debug|Any CPU.Build.0 = Debug|Any CPU
		{29ED7A17-B18A-4608-9003-2F17FE11B190}.Debug|Mixed Platforms.ActiveCfg = Debug|Any CPU
		{29ED7A17-B18A-4608-9003-2F17FE11B190}.Debug|Mixed Platforms.Build.0 = Debug|Any CPU
		{29ED7A17-B18A-4608-9003-2F17FE11B190}.Debug|x86.ActiveCfg = Debug|Any CPU
		{29ED7A17-B18A-4608-9003-2F17FE11B190}.Release|Any CPU.ActiveCfg = Release|Any CPU
		{29ED7A17-B18A-4608-9003-2F17FE11B190}.Release|Any CPU.Build.0 = Release|Any CPU
		{29ED7A17-B18A-4608-9003-2F17FE11B190}.Release|Mixed Platforms.ActiveCfg = Release|Any CPU
		{29ED7A17-B18A-4608-9003-2F17FE11B190}.Release|Mixed Platforms.Build.0 = Release|Any CPU
		{29ED7A17-B18A-4608-9003-2F17FE11B190}.Release|x86.ActiveCfg = Release|Any CPU
		{F4FFB5FC-0AEC-41FB-B185-C539F6456481}.Debug|Any CPU.ActiveCfg = Debug|Any CPU
		{F4FFB5FC-0AEC-41FB-B185-C539F6456481}.Debug|Any CPU.Build.0 = Debug|Any CPU
		{F4FFB5FC-0AEC-41FB-B185-C539F6456481}.Debug|Mixed Platforms.ActiveCfg = Debug|Any CPU
		{F4FFB5FC-0AEC-41FB-B185-C539F6456481}.Debug|Mixed Platforms.Build.0 = Debug|Any CPU
		{F4FFB5FC-0AEC-41FB-B185-C539F6456481}.Debug|x86.ActiveCfg = Debug|Any CPU
		{F4FFB5FC-0AEC-41FB-B185-C539F6456481}.Release|Any CPU.ActiveCfg = Release|Any CPU
		{F4FFB5FC-0AEC-41FB-B185-C539F6456481}.Release|Any CPU.Build.0 = Release|Any CPU
		{F4FFB5FC-0AEC-41FB-B185-C539F6456481}.Release|Mixed Platforms.ActiveCfg = Release|Any CPU
		{F4FFB5FC-0AEC-41FB-B185-C539F6456481}.Release|Mixed Platforms.Build.0 = Release|Any CPU
		{F4FFB5FC-0AEC-41FB-B185-C539F6456481}.Release|x86.ActiveCfg = Release|Any CPU
		{DAF134D0-A0FC-48B2-877C-418097F86A5E}.Debug|Any CPU.ActiveCfg = Debug|Any CPU
		{DAF134D0-A0FC-48B2-877C-418097F86A5E}.Debug|Any CPU.Build.0 = Debug|Any CPU
		{DAF134D0-A0FC-48B2-877C-418097F86A5E}.Debug|Mixed Platforms.ActiveCfg = Debug|Any CPU
		{DAF134D0-A0FC-48B2-877C-418097F86A5E}.Debug|Mixed Platforms.Build.0 = Debug|Any CPU
		{DAF134D0-A0FC-48B2-877C-418097F86A5E}.Debug|x86.ActiveCfg = Debug|Any CPU
		{DAF134D0-A0FC-48B2-877C-418097F86A5E}.Release|Any CPU.ActiveCfg = Release|Any CPU
		{DAF134D0-A0FC-48B2-877C-418097F86A5E}.Release|Any CPU.Build.0 = Release|Any CPU
		{DAF134D0-A0FC-48B2-877C-418097F86A5E}.Release|Mixed Platforms.ActiveCfg = Release|Any CPU
		{DAF134D0-A0FC-48B2-877C-418097F86A5E}.Release|Mixed Platforms.Build.0 = Release|Any CPU
		{DAF134D0-A0FC-48B2-877C-418097F86A5E}.Release|x86.ActiveCfg = Release|Any CPU
		{92150E52-A25F-4B71-B146-D6B4A7B801B2}.Debug|Any CPU.ActiveCfg = Debug|Any CPU
		{92150E52-A25F-4B71-B146-D6B4A7B801B2}.Debug|Any CPU.Build.0 = Debug|Any CPU
		{92150E52-A25F-4B71-B146-D6B4A7B801B2}.Debug|Mixed Platforms.ActiveCfg = Debug|Any CPU
		{92150E52-A25F-4B71-B146-D6B4A7B801B2}.Debug|Mixed Platforms.Build.0 = Debug|Any CPU
		{92150E52-A25F-4B71-B146-D6B4A7B801B2}.Debug|x86.ActiveCfg = Debug|Any CPU
		{92150E52-A25F-4B71-B146-D6B4A7B801B2}.Release|Any CPU.ActiveCfg = Release|Any CPU
		{92150E52-A25F-4B71-B146-D6B4A7B801B2}.Release|Any CPU.Build.0 = Release|Any CPU
		{92150E52-A25F-4B71-B146-D6B4A7B801B2}.Release|Mixed Platforms.ActiveCfg = Release|Any CPU
		{92150E52-A25F-4B71-B146-D6B4A7B801B2}.Release|Mixed Platforms.Build.0 = Release|Any CPU
		{92150E52-A25F-4B71-B146-D6B4A7B801B2}.Release|x86.ActiveCfg = Release|Any CPU
		{8F81EE94-FE77-485F-B67E-A313F853A802}.Debug|Any CPU.ActiveCfg = Debug|Any CPU
		{8F81EE94-FE77-485F-B67E-A313F853A802}.Debug|Any CPU.Build.0 = Debug|Any CPU
		{8F81EE94-FE77-485F-B67E-A313F853A802}.Debug|Mixed Platforms.ActiveCfg = Debug|Any CPU
		{8F81EE94-FE77-485F-B67E-A313F853A802}.Debug|Mixed Platforms.Build.0 = Debug|Any CPU
		{8F81EE94-FE77-485F-B67E-A313F853A802}.Debug|x86.ActiveCfg = Debug|Any CPU
		{8F81EE94-FE77-485F-B67E-A313F853A802}.Release|Any CPU.ActiveCfg = Release|Any CPU
		{8F81EE94-FE77-485F-B67E-A313F853A802}.Release|Any CPU.Build.0 = Release|Any CPU
		{8F81EE94-FE77-485F-B67E-A313F853A802}.Release|Mixed Platforms.ActiveCfg = Release|Any CPU
		{8F81EE94-FE77-485F-B67E-A313F853A802}.Release|Mixed Platforms.Build.0 = Release|Any CPU
		{8F81EE94-FE77-485F-B67E-A313F853A802}.Release|x86.ActiveCfg = Release|Any CPU
		{302EFA7D-B357-496A-9DB7-CCF2705C45C8}.Debug|Any CPU.ActiveCfg = Debug|Any CPU
		{302EFA7D-B357-496A-9DB7-CCF2705C45C8}.Debug|Any CPU.Build.0 = Debug|Any CPU
		{302EFA7D-B357-496A-9DB7-CCF2705C45C8}.Debug|Mixed Platforms.ActiveCfg = Debug|Any CPU
		{302EFA7D-B357-496A-9DB7-CCF2705C45C8}.Debug|Mixed Platforms.Build.0 = Debug|Any CPU
		{302EFA7D-B357-496A-9DB7-CCF2705C45C8}.Debug|x86.ActiveCfg = Debug|Any CPU
		{302EFA7D-B357-496A-9DB7-CCF2705C45C8}.Release|Any CPU.ActiveCfg = Release|Any CPU
		{302EFA7D-B357-496A-9DB7-CCF2705C45C8}.Release|Any CPU.Build.0 = Release|Any CPU
		{302EFA7D-B357-496A-9DB7-CCF2705C45C8}.Release|Mixed Platforms.ActiveCfg = Release|Any CPU
		{302EFA7D-B357-496A-9DB7-CCF2705C45C8}.Release|Mixed Platforms.Build.0 = Release|Any CPU
		{302EFA7D-B357-496A-9DB7-CCF2705C45C8}.Release|x86.ActiveCfg = Release|Any CPU
		{211DADBD-1518-4D84-B10A-06C7545C2FAB}.Debug|Any CPU.ActiveCfg = Debug|Any CPU
		{211DADBD-1518-4D84-B10A-06C7545C2FAB}.Debug|Any CPU.Build.0 = Debug|Any CPU
		{211DADBD-1518-4D84-B10A-06C7545C2FAB}.Debug|Mixed Platforms.ActiveCfg = Debug|Any CPU
		{211DADBD-1518-4D84-B10A-06C7545C2FAB}.Debug|Mixed Platforms.Build.0 = Debug|Any CPU
		{211DADBD-1518-4D84-B10A-06C7545C2FAB}.Debug|x86.ActiveCfg = Debug|Any CPU
		{211DADBD-1518-4D84-B10A-06C7545C2FAB}.Release|Any CPU.ActiveCfg = Release|Any CPU
		{211DADBD-1518-4D84-B10A-06C7545C2FAB}.Release|Any CPU.Build.0 = Release|Any CPU
		{211DADBD-1518-4D84-B10A-06C7545C2FAB}.Release|Mixed Platforms.ActiveCfg = Release|Any CPU
		{211DADBD-1518-4D84-B10A-06C7545C2FAB}.Release|Mixed Platforms.Build.0 = Release|Any CPU
		{211DADBD-1518-4D84-B10A-06C7545C2FAB}.Release|x86.ActiveCfg = Release|Any CPU
		{8CE30614-5029-4604-AA26-8E15C8B0D06E}.Debug|Any CPU.ActiveCfg = Debug|Any CPU
		{8CE30614-5029-4604-AA26-8E15C8B0D06E}.Debug|Any CPU.Build.0 = Debug|Any CPU
		{8CE30614-5029-4604-AA26-8E15C8B0D06E}.Debug|Mixed Platforms.ActiveCfg = Debug|Any CPU
		{8CE30614-5029-4604-AA26-8E15C8B0D06E}.Debug|Mixed Platforms.Build.0 = Debug|Any CPU
		{8CE30614-5029-4604-AA26-8E15C8B0D06E}.Debug|x86.ActiveCfg = Debug|Any CPU
		{8CE30614-5029-4604-AA26-8E15C8B0D06E}.Release|Any CPU.ActiveCfg = Release|Any CPU
		{8CE30614-5029-4604-AA26-8E15C8B0D06E}.Release|Any CPU.Build.0 = Release|Any CPU
		{8CE30614-5029-4604-AA26-8E15C8B0D06E}.Release|Mixed Platforms.ActiveCfg = Release|Any CPU
		{8CE30614-5029-4604-AA26-8E15C8B0D06E}.Release|Mixed Platforms.Build.0 = Release|Any CPU
		{8CE30614-5029-4604-AA26-8E15C8B0D06E}.Release|x86.ActiveCfg = Release|Any CPU
		{27D4D4FF-2853-4373-8030-08F0A493245A}.Debug|Any CPU.ActiveCfg = Debug|Any CPU
		{27D4D4FF-2853-4373-8030-08F0A493245A}.Debug|Any CPU.Build.0 = Debug|Any CPU
		{27D4D4FF-2853-4373-8030-08F0A493245A}.Debug|Mixed Platforms.ActiveCfg = Debug|Any CPU
		{27D4D4FF-2853-4373-8030-08F0A493245A}.Debug|Mixed Platforms.Build.0 = Debug|Any CPU
		{27D4D4FF-2853-4373-8030-08F0A493245A}.Debug|x86.ActiveCfg = Debug|Any CPU
		{27D4D4FF-2853-4373-8030-08F0A493245A}.Release|Any CPU.ActiveCfg = Release|Any CPU
		{27D4D4FF-2853-4373-8030-08F0A493245A}.Release|Any CPU.Build.0 = Release|Any CPU
		{27D4D4FF-2853-4373-8030-08F0A493245A}.Release|Mixed Platforms.ActiveCfg = Release|Any CPU
		{27D4D4FF-2853-4373-8030-08F0A493245A}.Release|Mixed Platforms.Build.0 = Release|Any CPU
		{27D4D4FF-2853-4373-8030-08F0A493245A}.Release|x86.ActiveCfg = Release|Any CPU
		{4978BAE4-C608-42C7-BE6F-CAB1EBFEF229}.Debug|Any CPU.ActiveCfg = Debug|Any CPU
		{4978BAE4-C608-42C7-BE6F-CAB1EBFEF229}.Debug|Any CPU.Build.0 = Debug|Any CPU
		{4978BAE4-C608-42C7-BE6F-CAB1EBFEF229}.Debug|Mixed Platforms.ActiveCfg = Debug|Any CPU
		{4978BAE4-C608-42C7-BE6F-CAB1EBFEF229}.Debug|Mixed Platforms.Build.0 = Debug|Any CPU
		{4978BAE4-C608-42C7-BE6F-CAB1EBFEF229}.Debug|x86.ActiveCfg = Debug|Any CPU
		{4978BAE4-C608-42C7-BE6F-CAB1EBFEF229}.Release|Any CPU.ActiveCfg = Release|Any CPU
		{4978BAE4-C608-42C7-BE6F-CAB1EBFEF229}.Release|Any CPU.Build.0 = Release|Any CPU
		{4978BAE4-C608-42C7-BE6F-CAB1EBFEF229}.Release|Mixed Platforms.ActiveCfg = Release|Any CPU
		{4978BAE4-C608-42C7-BE6F-CAB1EBFEF229}.Release|Mixed Platforms.Build.0 = Release|Any CPU
		{4978BAE4-C608-42C7-BE6F-CAB1EBFEF229}.Release|x86.ActiveCfg = Release|Any CPU
		{3189FABE-B4C0-4097-94D4-1F2E52BED924}.Debug|Any CPU.ActiveCfg = Debug|Any CPU
		{3189FABE-B4C0-4097-94D4-1F2E52BED924}.Debug|Any CPU.Build.0 = Debug|Any CPU
		{3189FABE-B4C0-4097-94D4-1F2E52BED924}.Debug|Mixed Platforms.ActiveCfg = Debug|Any CPU
		{3189FABE-B4C0-4097-94D4-1F2E52BED924}.Debug|Mixed Platforms.Build.0 = Debug|Any CPU
		{3189FABE-B4C0-4097-94D4-1F2E52BED924}.Debug|x86.ActiveCfg = Debug|Any CPU
		{3189FABE-B4C0-4097-94D4-1F2E52BED924}.Release|Any CPU.ActiveCfg = Release|Any CPU
		{3189FABE-B4C0-4097-94D4-1F2E52BED924}.Release|Any CPU.Build.0 = Release|Any CPU
		{3189FABE-B4C0-4097-94D4-1F2E52BED924}.Release|Mixed Platforms.ActiveCfg = Release|Any CPU
		{3189FABE-B4C0-4097-94D4-1F2E52BED924}.Release|Mixed Platforms.Build.0 = Release|Any CPU
		{3189FABE-B4C0-4097-94D4-1F2E52BED924}.Release|x86.ActiveCfg = Release|Any CPU
		{57642255-4E24-45A1-9A96-AC5B4573989C}.Debug|Any CPU.ActiveCfg = Debug|Any CPU
		{57642255-4E24-45A1-9A96-AC5B4573989C}.Debug|Any CPU.Build.0 = Debug|Any CPU
		{57642255-4E24-45A1-9A96-AC5B4573989C}.Debug|Mixed Platforms.ActiveCfg = Debug|Any CPU
		{57642255-4E24-45A1-9A96-AC5B4573989C}.Debug|Mixed Platforms.Build.0 = Debug|Any CPU
		{57642255-4E24-45A1-9A96-AC5B4573989C}.Debug|x86.ActiveCfg = Debug|Any CPU
		{57642255-4E24-45A1-9A96-AC5B4573989C}.Release|Any CPU.ActiveCfg = Release|Any CPU
		{57642255-4E24-45A1-9A96-AC5B4573989C}.Release|Any CPU.Build.0 = Release|Any CPU
		{57642255-4E24-45A1-9A96-AC5B4573989C}.Release|Mixed Platforms.ActiveCfg = Release|Any CPU
		{57642255-4E24-45A1-9A96-AC5B4573989C}.Release|Mixed Platforms.Build.0 = Release|Any CPU
		{57642255-4E24-45A1-9A96-AC5B4573989C}.Release|x86.ActiveCfg = Release|Any CPU
		{F1B7CEB1-F743-4475-9412-46B502A10CA0}.Debug|Any CPU.ActiveCfg = Debug|Any CPU
		{F1B7CEB1-F743-4475-9412-46B502A10CA0}.Debug|Any CPU.Build.0 = Debug|Any CPU
		{F1B7CEB1-F743-4475-9412-46B502A10CA0}.Debug|Mixed Platforms.ActiveCfg = Debug|Any CPU
		{F1B7CEB1-F743-4475-9412-46B502A10CA0}.Debug|Mixed Platforms.Build.0 = Debug|Any CPU
		{F1B7CEB1-F743-4475-9412-46B502A10CA0}.Debug|x86.ActiveCfg = Debug|Any CPU
		{F1B7CEB1-F743-4475-9412-46B502A10CA0}.Release|Any CPU.ActiveCfg = Release|Any CPU
		{F1B7CEB1-F743-4475-9412-46B502A10CA0}.Release|Any CPU.Build.0 = Release|Any CPU
		{F1B7CEB1-F743-4475-9412-46B502A10CA0}.Release|Mixed Platforms.ActiveCfg = Release|Any CPU
		{F1B7CEB1-F743-4475-9412-46B502A10CA0}.Release|Mixed Platforms.Build.0 = Release|Any CPU
		{F1B7CEB1-F743-4475-9412-46B502A10CA0}.Release|x86.ActiveCfg = Release|Any CPU
		{04E1336D-630C-47CE-BFF5-E82DC2003DAF}.Debug|Any CPU.ActiveCfg = Debug|Any CPU
		{04E1336D-630C-47CE-BFF5-E82DC2003DAF}.Debug|Any CPU.Build.0 = Debug|Any CPU
		{04E1336D-630C-47CE-BFF5-E82DC2003DAF}.Debug|Mixed Platforms.ActiveCfg = Debug|Any CPU
		{04E1336D-630C-47CE-BFF5-E82DC2003DAF}.Debug|Mixed Platforms.Build.0 = Debug|Any CPU
		{04E1336D-630C-47CE-BFF5-E82DC2003DAF}.Debug|x86.ActiveCfg = Debug|Any CPU
		{04E1336D-630C-47CE-BFF5-E82DC2003DAF}.Release|Any CPU.ActiveCfg = Release|Any CPU
		{04E1336D-630C-47CE-BFF5-E82DC2003DAF}.Release|Any CPU.Build.0 = Release|Any CPU
		{04E1336D-630C-47CE-BFF5-E82DC2003DAF}.Release|Mixed Platforms.ActiveCfg = Release|Any CPU
		{04E1336D-630C-47CE-BFF5-E82DC2003DAF}.Release|Mixed Platforms.Build.0 = Release|Any CPU
		{04E1336D-630C-47CE-BFF5-E82DC2003DAF}.Release|x86.ActiveCfg = Release|Any CPU
		{3AAEEE78-B693-4DF3-9A49-2326D7014B8C}.Debug|Any CPU.ActiveCfg = Debug|Any CPU
		{3AAEEE78-B693-4DF3-9A49-2326D7014B8C}.Debug|Any CPU.Build.0 = Debug|Any CPU
		{3AAEEE78-B693-4DF3-9A49-2326D7014B8C}.Debug|Mixed Platforms.ActiveCfg = Debug|Any CPU
		{3AAEEE78-B693-4DF3-9A49-2326D7014B8C}.Debug|Mixed Platforms.Build.0 = Debug|Any CPU
		{3AAEEE78-B693-4DF3-9A49-2326D7014B8C}.Debug|x86.ActiveCfg = Debug|Any CPU
		{3AAEEE78-B693-4DF3-9A49-2326D7014B8C}.Release|Any CPU.ActiveCfg = Release|Any CPU
		{3AAEEE78-B693-4DF3-9A49-2326D7014B8C}.Release|Any CPU.Build.0 = Release|Any CPU
		{3AAEEE78-B693-4DF3-9A49-2326D7014B8C}.Release|Mixed Platforms.ActiveCfg = Release|Any CPU
		{3AAEEE78-B693-4DF3-9A49-2326D7014B8C}.Release|Mixed Platforms.Build.0 = Release|Any CPU
		{3AAEEE78-B693-4DF3-9A49-2326D7014B8C}.Release|x86.ActiveCfg = Release|Any CPU
		{803051F8-81DB-48EA-85D1-600596FA9C27}.Debug|Any CPU.ActiveCfg = Debug|Any CPU
		{803051F8-81DB-48EA-85D1-600596FA9C27}.Debug|Any CPU.Build.0 = Debug|Any CPU
		{803051F8-81DB-48EA-85D1-600596FA9C27}.Debug|Mixed Platforms.ActiveCfg = Debug|Any CPU
		{803051F8-81DB-48EA-85D1-600596FA9C27}.Debug|Mixed Platforms.Build.0 = Debug|Any CPU
		{803051F8-81DB-48EA-85D1-600596FA9C27}.Debug|x86.ActiveCfg = Debug|Any CPU
		{803051F8-81DB-48EA-85D1-600596FA9C27}.Release|Any CPU.ActiveCfg = Release|Any CPU
		{803051F8-81DB-48EA-85D1-600596FA9C27}.Release|Any CPU.Build.0 = Release|Any CPU
		{803051F8-81DB-48EA-85D1-600596FA9C27}.Release|Mixed Platforms.ActiveCfg = Release|Any CPU
		{803051F8-81DB-48EA-85D1-600596FA9C27}.Release|Mixed Platforms.Build.0 = Release|Any CPU
		{803051F8-81DB-48EA-85D1-600596FA9C27}.Release|x86.ActiveCfg = Release|Any CPU
		{9CEDCA40-B5CF-4375-A061-30C341003265}.Debug|Any CPU.ActiveCfg = Debug|Any CPU
		{9CEDCA40-B5CF-4375-A061-30C341003265}.Debug|Any CPU.Build.0 = Debug|Any CPU
		{9CEDCA40-B5CF-4375-A061-30C341003265}.Debug|Mixed Platforms.ActiveCfg = Debug|Any CPU
		{9CEDCA40-B5CF-4375-A061-30C341003265}.Debug|Mixed Platforms.Build.0 = Debug|Any CPU
		{9CEDCA40-B5CF-4375-A061-30C341003265}.Debug|x86.ActiveCfg = Debug|Any CPU
		{9CEDCA40-B5CF-4375-A061-30C341003265}.Release|Any CPU.ActiveCfg = Release|Any CPU
		{9CEDCA40-B5CF-4375-A061-30C341003265}.Release|Any CPU.Build.0 = Release|Any CPU
		{9CEDCA40-B5CF-4375-A061-30C341003265}.Release|Mixed Platforms.ActiveCfg = Release|Any CPU
		{9CEDCA40-B5CF-4375-A061-30C341003265}.Release|Mixed Platforms.Build.0 = Release|Any CPU
		{9CEDCA40-B5CF-4375-A061-30C341003265}.Release|x86.ActiveCfg = Release|Any CPU
	EndGlobalSection
	GlobalSection(SolutionProperties) = preSolution
		HideSolutionNode = FALSE
	EndGlobalSection
EndGlobal
